// !$*UTF8*$!
{
	archiveVersion = 1;
	classes = {
	};
	objectVersion = 50;
	objects = {

/* Begin PBXBuildFile section */
		C85D85A62516E0D800C6F734 /* AppDelegate.swift in Sources */ = {isa = PBXBuildFile; fileRef = C85D85A52516E0D800C6F734 /* AppDelegate.swift */; };
		C85D85A82516E0D800C6F734 /* GameScene.sks in Resources */ = {isa = PBXBuildFile; fileRef = C85D85A72516E0D800C6F734 /* GameScene.sks */; };
		C85D85AA2516E0D800C6F734 /* Actions.sks in Resources */ = {isa = PBXBuildFile; fileRef = C85D85A92516E0D800C6F734 /* Actions.sks */; };
		C85D85AC2516E0D800C6F734 /* GameScene.swift in Sources */ = {isa = PBXBuildFile; fileRef = C85D85AB2516E0D800C6F734 /* GameScene.swift */; };
		C85D85AE2516E0D800C6F734 /* ViewController.swift in Sources */ = {isa = PBXBuildFile; fileRef = C85D85AD2516E0D800C6F734 /* ViewController.swift */; };
		C85D85B02516E0DB00C6F734 /* Assets.xcassets in Resources */ = {isa = PBXBuildFile; fileRef = C85D85AF2516E0DB00C6F734 /* Assets.xcassets */; };
		C85D85B32516E0DB00C6F734 /* Main.storyboard in Resources */ = {isa = PBXBuildFile; fileRef = C85D85B12516E0DB00C6F734 /* Main.storyboard */; };
		C85D85BC2516E19000C6F734 /* BikeViewController.swift in Sources */ = {isa = PBXBuildFile; fileRef = C85D85BB2516E19000C6F734 /* BikeViewController.swift */; };
		C89D5E0F2522C84D00B4CEA7 /* Media.xcassets in Resources */ = {isa = PBXBuildFile; fileRef = C89D5E0E2522C84D00B4CEA7 /* Media.xcassets */; };
		C89D5E132524BE8400B4CEA7 /* BluetoothHandler.swift in Sources */ = {isa = PBXBuildFile; fileRef = C89D5E122524BE8400B4CEA7 /* BluetoothHandler.swift */; };
/* End PBXBuildFile section */

/* Begin PBXFileReference section */
		C85D85A22516E0D800C6F734 /* MacBikeTrainer.app */ = {isa = PBXFileReference; explicitFileType = wrapper.application; includeInIndex = 0; path = MacBikeTrainer.app; sourceTree = BUILT_PRODUCTS_DIR; };
		C85D85A52516E0D800C6F734 /* AppDelegate.swift */ = {isa = PBXFileReference; lastKnownFileType = sourcecode.swift; path = AppDelegate.swift; sourceTree = "<group>"; };
		C85D85A72516E0D800C6F734 /* GameScene.sks */ = {isa = PBXFileReference; lastKnownFileType = file.sks; path = GameScene.sks; sourceTree = "<group>"; };
		C85D85A92516E0D800C6F734 /* Actions.sks */ = {isa = PBXFileReference; lastKnownFileType = file.sks; path = Actions.sks; sourceTree = "<group>"; };
		C85D85AB2516E0D800C6F734 /* GameScene.swift */ = {isa = PBXFileReference; lastKnownFileType = sourcecode.swift; path = GameScene.swift; sourceTree = "<group>"; };
		C85D85AD2516E0D800C6F734 /* ViewController.swift */ = {isa = PBXFileReference; lastKnownFileType = sourcecode.swift; path = ViewController.swift; sourceTree = "<group>"; };
		C85D85AF2516E0DB00C6F734 /* Assets.xcassets */ = {isa = PBXFileReference; lastKnownFileType = folder.assetcatalog; path = Assets.xcassets; sourceTree = "<group>"; };
		C85D85B22516E0DB00C6F734 /* Base */ = {isa = PBXFileReference; lastKnownFileType = file.storyboard; name = Base; path = Base.lproj/Main.storyboard; sourceTree = "<group>"; };
		C85D85B42516E0DB00C6F734 /* Info.plist */ = {isa = PBXFileReference; lastKnownFileType = text.plist.xml; path = Info.plist; sourceTree = "<group>"; };
		C85D85B52516E0DB00C6F734 /* MacBikeTrainer.entitlements */ = {isa = PBXFileReference; lastKnownFileType = text.plist.entitlements; path = MacBikeTrainer.entitlements; sourceTree = "<group>"; };
		C85D85BB2516E19000C6F734 /* BikeViewController.swift */ = {isa = PBXFileReference; lastKnownFileType = sourcecode.swift; path = BikeViewController.swift; sourceTree = "<group>"; };
		C89D5E0E2522C84D00B4CEA7 /* Media.xcassets */ = {isa = PBXFileReference; lastKnownFileType = folder.assetcatalog; path = Media.xcassets; sourceTree = "<group>"; };
		C89D5E122524BE8400B4CEA7 /* BluetoothHandler.swift */ = {isa = PBXFileReference; lastKnownFileType = sourcecode.swift; path = BluetoothHandler.swift; sourceTree = "<group>"; };
/* End PBXFileReference section */

/* Begin PBXFrameworksBuildPhase section */
		C85D859F2516E0D800C6F734 /* Frameworks */ = {
			isa = PBXFrameworksBuildPhase;
			buildActionMask = 2147483647;
			files = (
			);
			runOnlyForDeploymentPostprocessing = 0;
		};
/* End PBXFrameworksBuildPhase section */

/* Begin PBXGroup section */
		C85D85992516E0D800C6F734 = {
			isa = PBXGroup;
			children = (
				C85D85A42516E0D800C6F734 /* unbearable */,
				C85D85A32516E0D800C6F734 /* Products */,
			);
			sourceTree = "<group>";
		};
		C85D85A32516E0D800C6F734 /* Products */ = {
			isa = PBXGroup;
			children = (
				C85D85A22516E0D800C6F734 /* MacBikeTrainer.app */,
			);
			name = Products;
			sourceTree = "<group>";
		};
		C85D85A42516E0D800C6F734 /* unbearable */ = {
			isa = PBXGroup;
			children = (
				C85D85A52516E0D800C6F734 /* AppDelegate.swift */,
				C85D85BB2516E19000C6F734 /* BikeViewController.swift */,
				C85D85A72516E0D800C6F734 /* GameScene.sks */,
				C85D85A92516E0D800C6F734 /* Actions.sks */,
				C85D85AB2516E0D800C6F734 /* GameScene.swift */,
				C85D85AD2516E0D800C6F734 /* ViewController.swift */,
				C89D5E122524BE8400B4CEA7 /* BluetoothHandler.swift */,
				C85D85AF2516E0DB00C6F734 /* Assets.xcassets */,
				C89D5E0E2522C84D00B4CEA7 /* Media.xcassets */,
				C85D85B12516E0DB00C6F734 /* Main.storyboard */,
				C85D85B42516E0DB00C6F734 /* Info.plist */,
				C85D85B52516E0DB00C6F734 /* MacBikeTrainer.entitlements */,
			);
			path = unbearable;
			sourceTree = "<group>";
		};
/* End PBXGroup section */

/* Begin PBXNativeTarget section */
		C85D85A12516E0D800C6F734 /* MacBikeTrainer */ = {
			isa = PBXNativeTarget;
			buildConfigurationList = C85D85B82516E0DB00C6F734 /* Build configuration list for PBXNativeTarget "MacBikeTrainer" */;
			buildPhases = (
				C85D859E2516E0D800C6F734 /* Sources */,
				C85D859F2516E0D800C6F734 /* Frameworks */,
				C85D85A02516E0D800C6F734 /* Resources */,
			);
			buildRules = (
			);
			dependencies = (
			);
			name = MacBikeTrainer;
			productName = unbearable;
			productReference = C85D85A22516E0D800C6F734 /* MacBikeTrainer.app */;
			productType = "com.apple.product-type.application";
		};
/* End PBXNativeTarget section */

/* Begin PBXProject section */
		C85D859A2516E0D800C6F734 /* Project object */ = {
			isa = PBXProject;
			attributes = {
				LastSwiftUpdateCheck = 1170;
				LastUpgradeCheck = 1170;
				ORGANIZATIONNAME = "David Da Silva";
				TargetAttributes = {
					C85D85A12516E0D800C6F734 = {
						CreatedOnToolsVersion = 11.7;
					};
				};
			};
			buildConfigurationList = C85D859D2516E0D800C6F734 /* Build configuration list for PBXProject "MacBikeTrainer" */;
			compatibilityVersion = "Xcode 9.3";
			developmentRegion = en;
			hasScannedForEncodings = 0;
			knownRegions = (
				en,
				Base,
			);
			mainGroup = C85D85992516E0D800C6F734;
			productRefGroup = C85D85A32516E0D800C6F734 /* Products */;
			projectDirPath = "";
			projectRoot = "";
			targets = (
				C85D85A12516E0D800C6F734 /* MacBikeTrainer */,
			);
		};
/* End PBXProject section */

/* Begin PBXResourcesBuildPhase section */
		C85D85A02516E0D800C6F734 /* Resources */ = {
			isa = PBXResourcesBuildPhase;
			buildActionMask = 2147483647;
			files = (
				C89D5E0F2522C84D00B4CEA7 /* Media.xcassets in Resources */,
				C85D85A82516E0D800C6F734 /* GameScene.sks in Resources */,
				C85D85B02516E0DB00C6F734 /* Assets.xcassets in Resources */,
				C85D85AA2516E0D800C6F734 /* Actions.sks in Resources */,
				C85D85B32516E0DB00C6F734 /* Main.storyboard in Resources */,
			);
			runOnlyForDeploymentPostprocessing = 0;
		};
/* End PBXResourcesBuildPhase section */

/* Begin PBXSourcesBuildPhase section */
		C85D859E2516E0D800C6F734 /* Sources */ = {
			isa = PBXSourcesBuildPhase;
			buildActionMask = 2147483647;
			files = (
				C85D85AE2516E0D800C6F734 /* ViewController.swift in Sources */,
				C85D85BC2516E19000C6F734 /* BikeViewController.swift in Sources */,
				C85D85AC2516E0D800C6F734 /* GameScene.swift in Sources */,
				C89D5E132524BE8400B4CEA7 /* BluetoothHandler.swift in Sources */,
				C85D85A62516E0D800C6F734 /* AppDelegate.swift in Sources */,
			);
			runOnlyForDeploymentPostprocessing = 0;
		};
/* End PBXSourcesBuildPhase section */

/* Begin PBXVariantGroup section */
		C85D85B12516E0DB00C6F734 /* Main.storyboard */ = {
			isa = PBXVariantGroup;
			children = (
				C85D85B22516E0DB00C6F734 /* Base */,
			);
			name = Main.storyboard;
			sourceTree = "<group>";
		};
/* End PBXVariantGroup section */

/* Begin XCBuildConfiguration section */
		C85D85B62516E0DB00C6F734 /* Debug */ = {
			isa = XCBuildConfiguration;
			buildSettings = {
				ALWAYS_SEARCH_USER_PATHS = NO;
				CLANG_ANALYZER_NONNULL = YES;
				CLANG_ANALYZER_NUMBER_OBJECT_CONVERSION = YES_AGGRESSIVE;
				CLANG_CXX_LANGUAGE_STANDARD = "gnu++14";
				CLANG_CXX_LIBRARY = "libc++";
				CLANG_ENABLE_MODULES = YES;
				CLANG_ENABLE_OBJC_ARC = YES;
				CLANG_ENABLE_OBJC_WEAK = YES;
				CLANG_WARN_BLOCK_CAPTURE_AUTORELEASING = YES;
				CLANG_WARN_BOOL_CONVERSION = YES;
				CLANG_WARN_COMMA = YES;
				CLANG_WARN_CONSTANT_CONVERSION = YES;
				CLANG_WARN_DEPRECATED_OBJC_IMPLEMENTATIONS = YES;
				CLANG_WARN_DIRECT_OBJC_ISA_USAGE = YES_ERROR;
				CLANG_WARN_DOCUMENTATION_COMMENTS = YES;
				CLANG_WARN_EMPTY_BODY = YES;
				CLANG_WARN_ENUM_CONVERSION = YES;
				CLANG_WARN_INFINITE_RECURSION = YES;
				CLANG_WARN_INT_CONVERSION = YES;
				CLANG_WARN_NON_LITERAL_NULL_CONVERSION = YES;
				CLANG_WARN_OBJC_IMPLICIT_RETAIN_SELF = YES;
				CLANG_WARN_OBJC_LITERAL_CONVERSION = YES;
				CLANG_WARN_OBJC_ROOT_CLASS = YES_ERROR;
				CLANG_WARN_RANGE_LOOP_ANALYSIS = YES;
				CLANG_WARN_STRICT_PROTOTYPES = YES;
				CLANG_WARN_SUSPICIOUS_MOVE = YES;
				CLANG_WARN_UNGUARDED_AVAILABILITY = YES_AGGRESSIVE;
				CLANG_WARN_UNREACHABLE_CODE = YES;
				CLANG_WARN__DUPLICATE_METHOD_MATCH = YES;
				COPY_PHASE_STRIP = NO;
				DEBUG_INFORMATION_FORMAT = dwarf;
				ENABLE_STRICT_OBJC_MSGSEND = YES;
				ENABLE_TESTABILITY = YES;
				GCC_C_LANGUAGE_STANDARD = gnu11;
				GCC_DYNAMIC_NO_PIC = NO;
				GCC_NO_COMMON_BLOCKS = YES;
				GCC_OPTIMIZATION_LEVEL = 0;
				GCC_PREPROCESSOR_DEFINITIONS = (
					"DEBUG=1",
					"$(inherited)",
				);
				GCC_WARN_64_TO_32_BIT_CONVERSION = YES;
				GCC_WARN_ABOUT_RETURN_TYPE = YES_ERROR;
				GCC_WARN_UNDECLARED_SELECTOR = YES;
				GCC_WARN_UNINITIALIZED_AUTOS = YES_AGGRESSIVE;
				GCC_WARN_UNUSED_FUNCTION = YES;
				GCC_WARN_UNUSED_VARIABLE = YES;
				MACOSX_DEPLOYMENT_TARGET = 10.16;
				MTL_ENABLE_DEBUG_INFO = INCLUDE_SOURCE;
				MTL_FAST_MATH = YES;
				ONLY_ACTIVE_ARCH = YES;
				SDKROOT = macosx;
				SWIFT_ACTIVE_COMPILATION_CONDITIONS = DEBUG;
				SWIFT_OPTIMIZATION_LEVEL = "-Onone";
			};
			name = Debug;
		};
		C85D85B72516E0DB00C6F734 /* Release */ = {
			isa = XCBuildConfiguration;
			buildSettings = {
				ALWAYS_SEARCH_USER_PATHS = NO;
				CLANG_ANALYZER_NONNULL = YES;
				CLANG_ANALYZER_NUMBER_OBJECT_CONVERSION = YES_AGGRESSIVE;
				CLANG_CXX_LANGUAGE_STANDARD = "gnu++14";
				CLANG_CXX_LIBRARY = "libc++";
				CLANG_ENABLE_MODULES = YES;
				CLANG_ENABLE_OBJC_ARC = YES;
				CLANG_ENABLE_OBJC_WEAK = YES;
				CLANG_WARN_BLOCK_CAPTURE_AUTORELEASING = YES;
				CLANG_WARN_BOOL_CONVERSION = YES;
				CLANG_WARN_COMMA = YES;
				CLANG_WARN_CONSTANT_CONVERSION = YES;
				CLANG_WARN_DEPRECATED_OBJC_IMPLEMENTATIONS = YES;
				CLANG_WARN_DIRECT_OBJC_ISA_USAGE = YES_ERROR;
				CLANG_WARN_DOCUMENTATION_COMMENTS = YES;
				CLANG_WARN_EMPTY_BODY = YES;
				CLANG_WARN_ENUM_CONVERSION = YES;
				CLANG_WARN_INFINITE_RECURSION = YES;
				CLANG_WARN_INT_CONVERSION = YES;
				CLANG_WARN_NON_LITERAL_NULL_CONVERSION = YES;
				CLANG_WARN_OBJC_IMPLICIT_RETAIN_SELF = YES;
				CLANG_WARN_OBJC_LITERAL_CONVERSION = YES;
				CLANG_WARN_OBJC_ROOT_CLASS = YES_ERROR;
				CLANG_WARN_RANGE_LOOP_ANALYSIS = YES;
				CLANG_WARN_STRICT_PROTOTYPES = YES;
				CLANG_WARN_SUSPICIOUS_MOVE = YES;
				CLANG_WARN_UNGUARDED_AVAILABILITY = YES_AGGRESSIVE;
				CLANG_WARN_UNREACHABLE_CODE = YES;
				CLANG_WARN__DUPLICATE_METHOD_MATCH = YES;
				COPY_PHASE_STRIP = NO;
				DEBUG_INFORMATION_FORMAT = "dwarf-with-dsym";
				ENABLE_NS_ASSERTIONS = NO;
				ENABLE_STRICT_OBJC_MSGSEND = YES;
				GCC_C_LANGUAGE_STANDARD = gnu11;
				GCC_NO_COMMON_BLOCKS = YES;
				GCC_WARN_64_TO_32_BIT_CONVERSION = YES;
				GCC_WARN_ABOUT_RETURN_TYPE = YES_ERROR;
				GCC_WARN_UNDECLARED_SELECTOR = YES;
				GCC_WARN_UNINITIALIZED_AUTOS = YES_AGGRESSIVE;
				GCC_WARN_UNUSED_FUNCTION = YES;
				GCC_WARN_UNUSED_VARIABLE = YES;
				MACOSX_DEPLOYMENT_TARGET = 10.16;
				MTL_ENABLE_DEBUG_INFO = NO;
				MTL_FAST_MATH = YES;
				SDKROOT = macosx;
				SWIFT_COMPILATION_MODE = wholemodule;
				SWIFT_OPTIMIZATION_LEVEL = "-O";
			};
			name = Release;
		};
		C85D85B92516E0DB00C6F734 /* Debug */ = {
			isa = XCBuildConfiguration;
			buildSettings = {
				ASSETCATALOG_COMPILER_APPICON_NAME = AppIcon;
				CODE_SIGN_ENTITLEMENTS = unbearable/unbearable.entitlements;
				CODE_SIGN_STYLE = Automatic;
				COMBINE_HIDPI_IMAGES = YES;
				DEVELOPMENT_TEAM = HZ4Q87YJ8K;
				ENABLE_HARDENED_RUNTIME = YES;
				INFOPLIST_FILE = unbearable/Info.plist;
				LD_RUNPATH_SEARCH_PATHS = (
					"$(inherited)",
					"@executable_path/../Frameworks",
				);
				PRODUCT_BUNDLE_IDENTIFIER = com.greatjobdave.net.MacBikeTrainer;
				PRODUCT_NAME = "$(TARGET_NAME)";
				SWIFT_VERSION = 5.0;
			};
			name = Debug;
		};
		C85D85BA2516E0DB00C6F734 /* Release */ = {
			isa = XCBuildConfiguration;
			buildSettings = {
				ASSETCATALOG_COMPILER_APPICON_NAME = AppIcon;
				CODE_SIGN_ENTITLEMENTS = unbearable/unbearable.entitlements;
				CODE_SIGN_STYLE = Automatic;
				COMBINE_HIDPI_IMAGES = YES;
				DEVELOPMENT_TEAM = HZ4Q87YJ8K;
				ENABLE_HARDENED_RUNTIME = YES;
				INFOPLIST_FILE = unbearable/Info.plist;
				LD_RUNPATH_SEARCH_PATHS = (
					"$(inherited)",
					"@executable_path/../Frameworks",
				);
				PRODUCT_BUNDLE_IDENTIFIER = com.greatjobdave.net.MacBikeTrainer;
				PRODUCT_NAME = "$(TARGET_NAME)";
				SWIFT_VERSION = 5.0;
			};
			name = Release;
		};
/* End XCBuildConfiguration section */

/* Begin XCConfigurationList section */
		C85D859D2516E0D800C6F734 /* Build configuration list for PBXProject "MacBikeTrainer" */ = {
			isa = XCConfigurationList;
			buildConfigurations = (
				C85D85B62516E0DB00C6F734 /* Debug */,
				C85D85B72516E0DB00C6F734 /* Release */,
			);
			defaultConfigurationIsVisible = 0;
			defaultConfigurationName = Release;
		};
		C85D85B82516E0DB00C6F734 /* Build configuration list for PBXNativeTarget "MacBikeTrainer" */ = {
			isa = XCConfigurationList;
			buildConfigurations = (
				C85D85B92516E0DB00C6F734 /* Debug */,
				C85D85BA2516E0DB00C6F734 /* Release */,
			);
			defaultConfigurationIsVisible = 0;
			defaultConfigurationName = Release;
		};
/* End XCConfigurationList section */
	};
	rootObject = C85D859A2516E0D800C6F734 /* Project object */;
}
